
Microsoft Visual Studio Solution File, Format Version 12.00
# Visual Studio Version 16
VisualStudioVersion = 16.0.29806.167
MinimumVisualStudioVersion = 10.0.40219.1
Project("{FAE04EC0-301F-11D3-BF4B-00C04F79EFBC}") = "AishiSiftForPrimeNumbers", "AishiSiftForPrimeNumbers.csproj", "{1AC8BE6B-6B47-4762-A8F0-686BC0381DAD}"
EndProject
Global
	GlobalSection(SolutionConfigurationPlatforms) = preSolution
		Debug|Any CPU = Debug|Any CPU
		Release|Any CPU = Release|Any CPU
	EndGlobalSection
	GlobalSection(ProjectConfigurationPlatforms) = postSolution
		{1AC8BE6B-6B47-4762-A8F0-686BC0381DAD}.Debug|Any CPU.ActiveCfg = Debug|Any CPU
		{1AC8BE6B-6B47-4762-A8F0-686BC0381DAD}.Debug|Any CPU.Build.0 = Debug|Any CPU
		{1AC8BE6B-6B47-4762-A8F0-686BC0381DAD}.Release|Any CPU.ActiveCfg = Release|Any CPU
		{1AC8BE6B-6B47-4762-A8F0-686BC0381DAD}.Release|Any CPU.Build.0 = Release|Any CPU
	EndGlobalSection
	GlobalSection(SolutionProperties) = preSolution
		HideSolutionNode = FALSE
	EndGlobalSection
	GlobalSection(ExtensibilityGlobals) = postSolution
		SolutionGuid = {1B544AAF-B66A-496F-A8A7-D231D9A0D734}
	EndGlobalSection
EndGlobal
