
Microsoft Visual Studio Solution File, Format Version 12.00
# Visual Studio Version 16
VisualStudioVersion = 16.0.29806.167
MinimumVisualStudioVersion = 10.0.40219.1
Project("{FAE04EC0-301F-11D3-BF4B-00C04F79EFBC}") = "Week3Work1", "Week3Work1\Week3Work1.csproj", "{4E94026B-CCD2-4329-9CC8-3B4AD550A027}"
EndProject
Project("{FAE04EC0-301F-11D3-BF4B-00C04F79EFBC}") = "Week3Work2", "Week3Work2\Week3Work2.csproj", "{2577AF8B-08E4-467E-9043-66A247E785B9}"
EndProject
Global
	GlobalSection(SolutionConfigurationPlatforms) = preSolution
		Debug|Any CPU = Debug|Any CPU
		Release|Any CPU = Release|Any CPU
	EndGlobalSection
	GlobalSection(ProjectConfigurationPlatforms) = postSolution
		{4E94026B-CCD2-4329-9CC8-3B4AD550A027}.Debug|Any CPU.ActiveCfg = Debug|Any CPU
		{4E94026B-CCD2-4329-9CC8-3B4AD550A027}.Debug|Any CPU.Build.0 = Debug|Any CPU
		{4E94026B-CCD2-4329-9CC8-3B4AD550A027}.Release|Any CPU.ActiveCfg = Release|Any CPU
		{4E94026B-CCD2-4329-9CC8-3B4AD550A027}.Release|Any CPU.Build.0 = Release|Any CPU
		{2577AF8B-08E4-467E-9043-66A247E785B9}.Debug|Any CPU.ActiveCfg = Debug|Any CPU
		{2577AF8B-08E4-467E-9043-66A247E785B9}.Debug|Any CPU.Build.0 = Debug|Any CPU
		{2577AF8B-08E4-467E-9043-66A247E785B9}.Release|Any CPU.ActiveCfg = Release|Any CPU
		{2577AF8B-08E4-467E-9043-66A247E785B9}.Release|Any CPU.Build.0 = Release|Any CPU
	EndGlobalSection
	GlobalSection(SolutionProperties) = preSolution
		HideSolutionNode = FALSE
	EndGlobalSection
	GlobalSection(ExtensibilityGlobals) = postSolution
		SolutionGuid = {D6A4FC7A-BE95-4DFC-86D3-9CC4F70E63E2}
	EndGlobalSection
EndGlobal
